// !$*UTF8*$!
{
	archiveVersion = 1;
	classes = {
	};
	objectVersion = 46;
	objects = {

/* Begin PBXBuildFile section */
		EA6AA3A71CB35C6A0016BE87 /* AppDelegate.swift in Sources */ = {isa = PBXBuildFile; fileRef = EA6AA3A61CB35C6A0016BE87 /* AppDelegate.swift */; };
		EA6AA3A91CB35C6A0016BE87 /* ViewController.swift in Sources */ = {isa = PBXBuildFile; fileRef = EA6AA3A81CB35C6A0016BE87 /* ViewController.swift */; };
		EA6AA3AC1CB35C6A0016BE87 /* Main.storyboard in Resources */ = {isa = PBXBuildFile; fileRef = EA6AA3AA1CB35C6A0016BE87 /* Main.storyboard */; };
		EA6AA3AE1CB35C6A0016BE87 /* Assets.xcassets in Resources */ = {isa = PBXBuildFile; fileRef = EA6AA3AD1CB35C6A0016BE87 /* Assets.xcassets */; };
		EA6AA3B11CB35C6A0016BE87 /* LaunchScreen.storyboard in Resources */ = {isa = PBXBuildFile; fileRef = EA6AA3AF1CB35C6A0016BE87 /* LaunchScreen.storyboard */; };
/* End PBXBuildFile section */

/* Begin PBXFileReference section */
		EA6AA3A31CB35C6A0016BE87 /* TheWeather.app */ = {isa = PBXFileReference; explicitFileType = wrapper.application; includeInIndex = 0; path = TheWeather.app; sourceTree = BUILT_PRODUCTS_DIR; };
		EA6AA3A61CB35C6A0016BE87 /* AppDelegate.swift */ = {isa = PBXFileReference; lastKnownFileType = sourcecode.swift; path = AppDelegate.swift; sourceTree = "<group>"; };
		EA6AA3A81CB35C6A0016BE87 /* ViewController.swift */ = {isa = PBXFileReference; lastKnownFileType = sourcecode.swift; path = ViewController.swift; sourceTree = "<group>"; };
		EA6AA3AB1CB35C6A0016BE87 /* Base */ = {isa = PBXFileReference; lastKnownFileType = file.storyboard; name = Base; path = Base.lproj/Main.storyboard; sourceTree = "<group>"; };
		EA6AA3AD1CB35C6A0016BE87 /* Assets.xcassets */ = {isa = PBXFileReference; lastKnownFileType = folder.assetcatalog; path = Assets.xcassets; sourceTree = "<group>"; };
		EA6AA3B01CB35C6A0016BE87 /* Base */ = {isa = PBXFileReference; lastKnownFileType = file.storyboard; name = Base; path = Base.lproj/LaunchScreen.storyboard; sourceTree = "<group>"; };
		EA6AA3B21CB35C6A0016BE87 /* Info.plist */ = {isa = PBXFileReference; lastKnownFileType = text.plist.xml; path = Info.plist; sourceTree = "<group>"; };
/* End PBXFileReference section */

/* Begin PBXFrameworksBuildPhase section */
		EA6AA3A01CB35C6A0016BE87 /* Frameworks */ = {
			isa = PBXFrameworksBuildPhase;
			buildActionMask = 2147483647;
			files = (
			);
			runOnlyForDeploymentPostprocessing = 0;
		};
/* End PBXFrameworksBuildPhase section */

/* Begin PBXGroup section */
		EA6AA39A1CB35C6A0016BE87 = {
			isa = PBXGroup;
			children = (
				EA6AA3A51CB35C6A0016BE87 /* TheWeather */,
				EA6AA3A41CB35C6A0016BE87 /* Products */,
			);
			sourceTree = "<group>";
		};
		EA6AA3A41CB35C6A0016BE87 /* Products */ = {
			isa = PBXGroup;
			children = (
				EA6AA3A31CB35C6A0016BE87 /* TheWeather.app */,
			);
			name = Products;
			sourceTree = "<group>";
		};
		EA6AA3A51CB35C6A0016BE87 /* TheWeather */ = {
			isa = PBXGroup;
			children = (
				EA6AA3A61CB35C6A0016BE87 /* AppDelegate.swift */,
				EA6AA3A81CB35C6A0016BE87 /* ViewController.swift */,
				EA6AA3AA1CB35C6A0016BE87 /* Main.storyboard */,
				EA6AA3AD1CB35C6A0016BE87 /* Assets.xcassets */,
				EA6AA3AF1CB35C6A0016BE87 /* LaunchScreen.storyboard */,
				EA6AA3B21CB35C6A0016BE87 /* Info.plist */,
			);
			path = TheWeather;
			sourceTree = "<group>";
		};
/* End PBXGroup section */

/* Begin PBXNativeTarget section */
		EA6AA3A21CB35C6A0016BE87 /* TheWeather */ = {
			isa = PBXNativeTarget;
			buildConfigurationList = EA6AA3B51CB35C6A0016BE87 /* Build configuration list for PBXNativeTarget "TheWeather" */;
			buildPhases = (
				EA6AA39F1CB35C6A0016BE87 /* Sources */,
				EA6AA3A01CB35C6A0016BE87 /* Frameworks */,
				EA6AA3A11CB35C6A0016BE87 /* Resources */,
			);
			buildRules = (
			);
			dependencies = (
			);
			name = TheWeather;
			productName = TheWeather;
			productReference = EA6AA3A31CB35C6A0016BE87 /* TheWeather.app */;
			productType = "com.apple.product-type.application";
		};
/* End PBXNativeTarget section */

/* Begin PBXProject section */
		EA6AA39B1CB35C6A0016BE87 /* Project object */ = {
			isa = PBXProject;
			attributes = {
				LastSwiftUpdateCheck = 0710;
				LastUpgradeCheck = 0710;
				ORGANIZATIONNAME = "Marshall Cuico";
				TargetAttributes = {
					EA6AA3A21CB35C6A0016BE87 = {
						CreatedOnToolsVersion = 7.1;
						DevelopmentTeam = FCCDM24Q7W;
					};
				};
			};
			buildConfigurationList = EA6AA39E1CB35C6A0016BE87 /* Build configuration list for PBXProject "TheWeather" */;
			compatibilityVersion = "Xcode 3.2";
			developmentRegion = English;
			hasScannedForEncodings = 0;
			knownRegions = (
				en,
				Base,
			);
			mainGroup = EA6AA39A1CB35C6A0016BE87;
			productRefGroup = EA6AA3A41CB35C6A0016BE87 /* Products */;
			projectDirPath = "";
			projectRoot = "";
			targets = (
				EA6AA3A21CB35C6A0016BE87 /* TheWeather */,
			);
		};
/* End PBXProject section */

/* Begin PBXResourcesBuildPhase section */
		EA6AA3A11CB35C6A0016BE87 /* Resources */ = {
			isa = PBXResourcesBuildPhase;
			buildActionMask = 2147483647;
			files = (
				EA6AA3B11CB35C6A0016BE87 /* LaunchScreen.storyboard in Resources */,
				EA6AA3AE1CB35C6A0016BE87 /* Assets.xcassets in Resources */,
				EA6AA3AC1CB35C6A0016BE87 /* Main.storyboard in Resources */,
			);
			runOnlyForDeploymentPostprocessing = 0;
		};
/* End PBXResourcesBuildPhase section */

/* Begin PBXSourcesBuildPhase section */
		EA6AA39F1CB35C6A0016BE87 /* Sources */ = {
			isa = PBXSourcesBuildPhase;
			buildActionMask = 2147483647;
			files = (
				EA6AA3A91CB35C6A0016BE87 /* ViewController.swift in Sources */,
				EA6AA3A71CB35C6A0016BE87 /* AppDelegate.swift in Sources */,
			);
			runOnlyForDeploymentPostprocessing = 0;
		};
/* End PBXSourcesBuildPhase section */

/* Begin PBXVariantGroup section */
		EA6AA3AA1CB35C6A0016BE87 /* Main.storyboard */ = {
			isa = PBXVariantGroup;
			children = (
				EA6AA3AB1CB35C6A0016BE87 /* Base */,
			);
			name = Main.storyboard;
			sourceTree = "<group>";
		};
		EA6AA3AF1CB35C6A0016BE87 /* LaunchScreen.storyboard */ = {
			isa = PBXVariantGroup;
			children = (
				EA6AA3B01CB35C6A0016BE87 /* Base */,
			);
			name = LaunchScreen.storyboard;
			sourceTree = "<group>";
		};
/* End PBXVariantGroup section */

/* Begin XCBuildConfiguration section */
		EA6AA3B31CB35C6A0016BE87 /* Debug */ = {
			isa = XCBuildConfiguration;
			buildSettings = {
				ALWAYS_SEARCH_USER_PATHS = NO;
				CLANG_CXX_LANGUAGE_STANDARD = "gnu++0x";
				CLANG_CXX_LIBRARY = "libc++";
				CLANG_ENABLE_MODULES = YES;
				CLANG_ENABLE_OBJC_ARC = YES;
				CLANG_WARN_BOOL_CONVERSION = YES;
				CLANG_WARN_CONSTANT_CONVERSION = YES;
				CLANG_WARN_DIRECT_OBJC_ISA_USAGE = YES_ERROR;
				CLANG_WARN_EMPTY_BODY = YES;
				CLANG_WARN_ENUM_CONVERSION = YES;
				CLANG_WARN_INT_CONVERSION = YES;
				CLANG_WARN_OBJC_ROOT_CLASS = YES_ERROR;
				CLANG_WARN_UNREACHABLE_CODE = YES;
				CLANG_WARN__DUPLICATE_METHOD_MATCH = YES;
				"CODE_SIGN_IDENTITY[sdk=iphoneos*]" = "iPhone Developer";
				COPY_PHASE_STRIP = NO;
				DEBUG_INFORMATION_FORMAT = dwarf;
				ENABLE_STRICT_OBJC_MSGSEND = YES;
				ENABLE_TESTABILITY = YES;
				GCC_C_LANGUAGE_STANDARD = gnu99;
				GCC_DYNAMIC_NO_PIC = NO;
				GCC_NO_COMMON_BLOCKS = YES;
				GCC_OPTIMIZATION_LEVEL = 0;
				GCC_PREPROCESSOR_DEFINITIONS = (
					"DEBUG=1",
					"$(inherited)",
				);
				GCC_WARN_64_TO_32_BIT_CONVERSION = YES;
				GCC_WARN_ABOUT_RETURN_TYPE = YES_ERROR;
				GCC_WARN_UNDECLARED_SELECTOR = YES;
				GCC_WARN_UNINITIALIZED_AUTOS = YES_AGGRESSIVE;
				GCC_WARN_UNUSED_FUNCTION = YES;
				GCC_WARN_UNUSED_VARIABLE = YES;
				IPHONEOS_DEPLOYMENT_TARGET = 9.1;
				MTL_ENABLE_DEBUG_INFO = YES;
				ONLY_ACTIVE_ARCH = YES;
				SDKROOT = iphoneos;
				SWIFT_OPTIMIZATION_LEVEL = "-Onone";
			};
			name = Debug;
		};
		EA6AA3B41CB35C6A0016BE87 /* Release */ = {
			isa = XCBuildConfiguration;
			buildSettings = {
				ALWAYS_SEARCH_USER_PATHS = NO;
				CLANG_CXX_LANGUAGE_STANDARD = "gnu++0x";
				CLANG_CXX_LIBRARY = "libc++";
				CLANG_ENABLE_MODULES = YES;
				CLANG_ENABLE_OBJC_ARC = YES;
				CLANG_WARN_BOOL_CONVERSION = YES;
				CLANG_WARN_CONSTANT_CONVERSION = YES;
				CLANG_WARN_DIRECT_OBJC_ISA_USAGE = YES_ERROR;
				CLANG_WARN_EMPTY_BODY = YES;
				CLANG_WARN_ENUM_CONVERSION = YES;
				CLANG_WARN_INT_CONVERSION = YES;
				CLANG_WARN_OBJC_ROOT_CLASS = YES_ERROR;
				CLANG_WARN_UNREACHABLE_CODE = YES;
				CLANG_WARN__DUPLICATE_METHOD_MATCH = YES;
				"CODE_SIGN_IDENTITY[sdk=iphoneos*]" = "iPhone Developer";
				COPY_PHASE_STRIP = NO;
				DEBUG_INFORMATION_FORMAT = "dwarf-with-dsym";
				ENABLE_NS_ASSERTIONS = NO;
				ENABLE_STRICT_OBJC_MSGSEND = YES;
				GCC_C_LANGUAGE_STANDARD = gnu99;
				GCC_NO_COMMON_BLOCKS = YES;
				GCC_WARN_64_TO_32_BIT_CONVERSION = YES;
				GCC_WARN_ABOUT_RETURN_TYPE = YES_ERROR;
				GCC_WARN_UNDECLARED_SELECTOR = YES;
				GCC_WARN_UNINITIALIZED_AUTOS = YES_AGGRESSIVE;
				GCC_WARN_UNUSED_FUNCTION = YES;
				GCC_WARN_UNUSED_VARIABLE = YES;
				IPHONEOS_DEPLOYMENT_TARGET = 9.1;
				MTL_ENABLE_DEBUG_INFO = NO;
				SDKROOT = iphoneos;
				VALIDATE_PRODUCT = YES;
			};
			name = Release;
		};
		EA6AA3B61CB35C6A0016BE87 /* Debug */ = {
			isa = XCBuildConfiguration;
			buildSettings = {
				ASSETCATALOG_COMPILER_APPICON_NAME = AppIcon;
				INFOPLIST_FILE = TheWeather/Info.plist;
				LD_RUNPATH_SEARCH_PATHS = "$(inherited) @executable_path/Frameworks";
				PRODUCT_BUNDLE_IDENTIFIER = com.Qweeko.TheWeather;
				PRODUCT_NAME = "$(TARGET_NAME)";
			};
			name = Debug;
		};
		EA6AA3B71CB35C6A0016BE87 /* Release */ = {
			isa = XCBuildConfiguration;
			buildSettings = {
				ASSETCATALOG_COMPILER_APPICON_NAME = AppIcon;
				INFOPLIST_FILE = TheWeather/Info.plist;
				LD_RUNPATH_SEARCH_PATHS = "$(inherited) @executable_path/Frameworks";
				PRODUCT_BUNDLE_IDENTIFIER = com.Qweeko.TheWeather;
				PRODUCT_NAME = "$(TARGET_NAME)";
			};
			name = Release;
		};
/* End XCBuildConfiguration section */

/* Begin XCConfigurationList section */
		EA6AA39E1CB35C6A0016BE87 /* Build configuration list for PBXProject "TheWeather" */ = {
			isa = XCConfigurationList;
			buildConfigurations = (
				EA6AA3B31CB35C6A0016BE87 /* Debug */,
				EA6AA3B41CB35C6A0016BE87 /* Release */,
			);
			defaultConfigurationIsVisible = 0;
			defaultConfigurationName = Release;
		};
		EA6AA3B51CB35C6A0016BE87 /* Build configuration list for PBXNativeTarget "TheWeather" */ = {
			isa = XCConfigurationList;
			buildConfigurations = (
				EA6AA3B61CB35C6A0016BE87 /* Debug */,
				EA6AA3B71CB35C6A0016BE87 /* Release */,
			);
			defaultConfigurationIsVisible = 0;
		};
/* End XCConfigurationList section */
	};
	rootObject = EA6AA39B1CB35C6A0016BE87 /* Project object */;
}
